
Microsoft Visual Studio Solution File, Format Version 12.00
# Visual Studio Version 17
VisualStudioVersion = 17.3.32901.215
MinimumVisualStudioVersion = 10.0.40219.1
Project("{9A19103F-16F7-4668-BE54-9A1E7A4F7556}") = "PayPal.Extensions", "PayPal.Extensions\PayPal.Extensions.csproj", "{0FD0AF35-8122-423C-84B1-5B3FCF0AB0B2}"
EndProject
Project("{FAE04EC0-301F-11D3-BF4B-00C04F79EFBC}") = "IpnTest", "IpnTest\IpnTest.csproj", "{3786C57B-579E-45D6-B571-CDF1C05A4C14}"
EndProject
Global
	GlobalSection(SolutionConfigurationPlatforms) = preSolution
		Debug|Any CPU = Debug|Any CPU
		Release|Any CPU = Release|Any CPU
	EndGlobalSection
	GlobalSection(ProjectConfigurationPlatforms) = postSolution
		{0FD0AF35-8122-423C-84B1-5B3FCF0AB0B2}.Debug|Any CPU.ActiveCfg = Debug|Any CPU
		{0FD0AF35-8122-423C-84B1-5B3FCF0AB0B2}.Debug|Any CPU.Build.0 = Debug|Any CPU
		{0FD0AF35-8122-423C-84B1-5B3FCF0AB0B2}.Release|Any CPU.ActiveCfg = Release|Any CPU
		{0FD0AF35-8122-423C-84B1-5B3FCF0AB0B2}.Release|Any CPU.Build.0 = Release|Any CPU
		{3786C57B-579E-45D6-B571-CDF1C05A4C14}.Debug|Any CPU.ActiveCfg = Debug|Any CPU
		{3786C57B-579E-45D6-B571-CDF1C05A4C14}.Debug|Any CPU.Build.0 = Debug|Any CPU
		{3786C57B-579E-45D6-B571-CDF1C05A4C14}.Release|Any CPU.ActiveCfg = Release|Any CPU
		{3786C57B-579E-45D6-B571-CDF1C05A4C14}.Release|Any CPU.Build.0 = Release|Any CPU
	EndGlobalSection
	GlobalSection(SolutionProperties) = preSolution
		HideSolutionNode = FALSE
	EndGlobalSection
	GlobalSection(ExtensibilityGlobals) = postSolution
		SolutionGuid = {543CE1E0-1A7A-40CE-AC37-1BB0398A9AC5}
	EndGlobalSection
EndGlobal
